hash: 533ce6db5e4d82e537720b1ef1788f55c9622cdc62cf325f6b97d36ed01cadf1
updated: 2017-07-20T22:55:14.922303443+09:00
imports:
- name: github.com/gorilla/context
  version: 08b5f424b9271eedf6f9f0ce86cb9396ed337a42
- name: github.com/gorilla/mux
  version: bcd8bc72b08df0f70df986b97f95590779502d31
testImports: []
